
Microsoft Visual Studio Solution File, Format Version 12.00
# Visual Studio 15
VisualStudioVersion = 15.0.26430.15
MinimumVisualStudioVersion = 10.0.40219.1
Project("{FAE04EC0-301F-11D3-BF4B-00C04F79EFBC}") = "MSASpellChecker.Android", "MSASpellChecker\MSASpellChecker.Android\MSASpellChecker.Android.csproj", "{3FBDA59E-4326-4AD8-8C3F-44C7737124BE}"
EndProject
Project("{FAE04EC0-301F-11D3-BF4B-00C04F79EFBC}") = "MSASpellChecker", "MSASpellChecker\MSASpellChecker\MSASpellChecker.csproj", "{6DE819A0-7D99-493A-8917-AA0CCD192DC4}"
EndProject
Project("{FAE04EC0-301F-11D3-BF4B-00C04F79EFBC}") = "MSASpellChecker.iOS", "MSASpellChecker\MSASpellChecker.iOS\MSASpellChecker.iOS.csproj", "{B54646D5-D71B-447B-92D3-3F6CE34BEA68}"
EndProject
Global
	GlobalSection(SolutionConfigurationPlatforms) = preSolution
		Ad-Hoc|Any CPU = Ad-Hoc|Any CPU
		Ad-Hoc|iPhone = Ad-Hoc|iPhone
		Ad-Hoc|iPhoneSimulator = Ad-Hoc|iPhoneSimulator
		AppStore|Any CPU = AppStore|Any CPU
		AppStore|iPhone = AppStore|iPhone
		AppStore|iPhoneSimulator = AppStore|iPhoneSimulator
		Debug|Any CPU = Debug|Any CPU
		Debug|iPhone = Debug|iPhone
		Debug|iPhoneSimulator = Debug|iPhoneSimulator
		Release|Any CPU = Release|Any CPU
		Release|iPhone = Release|iPhone
		Release|iPhoneSimulator = Release|iPhoneSimulator
	EndGlobalSection
	GlobalSection(ProjectConfigurationPlatforms) = postSolution
		{3FBDA59E-4326-4AD8-8C3F-44C7737124BE}.Ad-Hoc|Any CPU.ActiveCfg = Release|Any CPU
		{3FBDA59E-4326-4AD8-8C3F-44C7737124BE}.Ad-Hoc|Any CPU.Build.0 = Release|Any CPU
		{3FBDA59E-4326-4AD8-8C3F-44C7737124BE}.Ad-Hoc|Any CPU.Deploy.0 = Release|Any CPU
		{3FBDA59E-4326-4AD8-8C3F-44C7737124BE}.Ad-Hoc|iPhone.ActiveCfg = Release|Any CPU
		{3FBDA59E-4326-4AD8-8C3F-44C7737124BE}.Ad-Hoc|iPhone.Build.0 = Release|Any CPU
		{3FBDA59E-4326-4AD8-8C3F-44C7737124BE}.Ad-Hoc|iPhone.Deploy.0 = Release|Any CPU
		{3FBDA59E-4326-4AD8-8C3F-44C7737124BE}.Ad-Hoc|iPhoneSimulator.ActiveCfg = Release|Any CPU
		{3FBDA59E-4326-4AD8-8C3F-44C7737124BE}.Ad-Hoc|iPhoneSimulator.Build.0 = Release|Any CPU
		{3FBDA59E-4326-4AD8-8C3F-44C7737124BE}.Ad-Hoc|iPhoneSimulator.Deploy.0 = Release|Any CPU
		{3FBDA59E-4326-4AD8-8C3F-44C7737124BE}.AppStore|Any CPU.ActiveCfg = Release|Any CPU
		{3FBDA59E-4326-4AD8-8C3F-44C7737124BE}.AppStore|Any CPU.Build.0 = Release|Any CPU
		{3FBDA59E-4326-4AD8-8C3F-44C7737124BE}.AppStore|Any CPU.Deploy.0 = Release|Any CPU
		{3FBDA59E-4326-4AD8-8C3F-44C7737124BE}.AppStore|iPhone.ActiveCfg = Release|Any CPU
		{3FBDA59E-4326-4AD8-8C3F-44C7737124BE}.AppStore|iPhone.Build.0 = Release|Any CPU
		{3FBDA59E-4326-4AD8-8C3F-44C7737124BE}.AppStore|iPhone.Deploy.0 = Release|Any CPU
		{3FBDA59E-4326-4AD8-8C3F-44C7737124BE}.AppStore|iPhoneSimulator.ActiveCfg = Release|Any CPU
		{3FBDA59E-4326-4AD8-8C3F-44C7737124BE}.AppStore|iPhoneSimulator.Build.0 = Release|Any CPU
		{3FBDA59E-4326-4AD8-8C3F-44C7737124BE}.AppStore|iPhoneSimulator.Deploy.0 = Release|Any CPU
		{3FBDA59E-4326-4AD8-8C3F-44C7737124BE}.Debug|Any CPU.ActiveCfg = Debug|Any CPU
		{3FBDA59E-4326-4AD8-8C3F-44C7737124BE}.Debug|Any CPU.Build.0 = Debug|Any CPU
		{3FBDA59E-4326-4AD8-8C3F-44C7737124BE}.Debug|Any CPU.Deploy.0 = Debug|Any CPU
		{3FBDA59E-4326-4AD8-8C3F-44C7737124BE}.Debug|iPhone.ActiveCfg = Debug|Any CPU
		{3FBDA59E-4326-4AD8-8C3F-44C7737124BE}.Debug|iPhone.Build.0 = Debug|Any CPU
		{3FBDA59E-4326-4AD8-8C3F-44C7737124BE}.Debug|iPhone.Deploy.0 = Debug|Any CPU
		{3FBDA59E-4326-4AD8-8C3F-44C7737124BE}.Debug|iPhoneSimulator.ActiveCfg = Debug|Any CPU
		{3FBDA59E-4326-4AD8-8C3F-44C7737124BE}.Debug|iPhoneSimulator.Build.0 = Debug|Any CPU
		{3FBDA59E-4326-4AD8-8C3F-44C7737124BE}.Debug|iPhoneSimulator.Deploy.0 = Debug|Any CPU
		{3FBDA59E-4326-4AD8-8C3F-44C7737124BE}.Release|Any CPU.ActiveCfg = Release|Any CPU
		{3FBDA59E-4326-4AD8-8C3F-44C7737124BE}.Release|Any CPU.Build.0 = Release|Any CPU
		{3FBDA59E-4326-4AD8-8C3F-44C7737124BE}.Release|Any CPU.Deploy.0 = Release|Any CPU
		{3FBDA59E-4326-4AD8-8C3F-44C7737124BE}.Release|iPhone.ActiveCfg = Release|Any CPU
		{3FBDA59E-4326-4AD8-8C3F-44C7737124BE}.Release|iPhone.Build.0 = Release|Any CPU
		{3FBDA59E-4326-4AD8-8C3F-44C7737124BE}.Release|iPhone.Deploy.0 = Release|Any CPU
		{3FBDA59E-4326-4AD8-8C3F-44C7737124BE}.Release|iPhoneSimulator.ActiveCfg = Release|Any CPU
		{3FBDA59E-4326-4AD8-8C3F-44C7737124BE}.Release|iPhoneSimulator.Build.0 = Release|Any CPU
		{3FBDA59E-4326-4AD8-8C3F-44C7737124BE}.Release|iPhoneSimulator.Deploy.0 = Release|Any CPU
		{6DE819A0-7D99-493A-8917-AA0CCD192DC4}.Ad-Hoc|Any CPU.ActiveCfg = Release|Any CPU
		{6DE819A0-7D99-493A-8917-AA0CCD192DC4}.Ad-Hoc|Any CPU.Build.0 = Release|Any CPU
		{6DE819A0-7D99-493A-8917-AA0CCD192DC4}.Ad-Hoc|iPhone.ActiveCfg = Release|Any CPU
		{6DE819A0-7D99-493A-8917-AA0CCD192DC4}.Ad-Hoc|iPhone.Build.0 = Release|Any CPU
		{6DE819A0-7D99-493A-8917-AA0CCD192DC4}.Ad-Hoc|iPhoneSimulator.ActiveCfg = Release|Any CPU
		{6DE819A0-7D99-493A-8917-AA0CCD192DC4}.Ad-Hoc|iPhoneSimulator.Build.0 = Release|Any CPU
		{6DE819A0-7D99-493A-8917-AA0CCD192DC4}.AppStore|Any CPU.ActiveCfg = Release|Any CPU
		{6DE819A0-7D99-493A-8917-AA0CCD192DC4}.AppStore|Any CPU.Build.0 = Release|Any CPU
		{6DE819A0-7D99-493A-8917-AA0CCD192DC4}.AppStore|iPhone.ActiveCfg = Release|Any CPU
		{6DE819A0-7D99-493A-8917-AA0CCD192DC4}.AppStore|iPhone.Build.0 = Release|Any CPU
		{6DE819A0-7D99-493A-8917-AA0CCD192DC4}.AppStore|iPhoneSimulator.ActiveCfg = Release|Any CPU
		{6DE819A0-7D99-493A-8917-AA0CCD192DC4}.AppStore|iPhoneSimulator.Build.0 = Release|Any CPU
		{6DE819A0-7D99-493A-8917-AA0CCD192DC4}.Debug|Any CPU.ActiveCfg = Debug|Any CPU
		{6DE819A0-7D99-493A-8917-AA0CCD192DC4}.Debug|Any CPU.Build.0 = Debug|Any CPU
		{6DE819A0-7D99-493A-8917-AA0CCD192DC4}.Debug|iPhone.ActiveCfg = Debug|Any CPU
		{6DE819A0-7D99-493A-8917-AA0CCD192DC4}.Debug|iPhone.Build.0 = Debug|Any CPU
		{6DE819A0-7D99-493A-8917-AA0CCD192DC4}.Debug|iPhoneSimulator.ActiveCfg = Debug|Any CPU
		{6DE819A0-7D99-493A-8917-AA0CCD192DC4}.Debug|iPhoneSimulator.Build.0 = Debug|Any CPU
		{6DE819A0-7D99-493A-8917-AA0CCD192DC4}.Release|Any CPU.ActiveCfg = Release|Any CPU
		{6DE819A0-7D99-493A-8917-AA0CCD192DC4}.Release|Any CPU.Build.0 = Release|Any CPU
		{6DE819A0-7D99-493A-8917-AA0CCD192DC4}.Release|iPhone.ActiveCfg = Release|Any CPU
		{6DE819A0-7D99-493A-8917-AA0CCD192DC4}.Release|iPhone.Build.0 = Release|Any CPU
		{6DE819A0-7D99-493A-8917-AA0CCD192DC4}.Release|iPhoneSimulator.ActiveCfg = Release|Any CPU
		{6DE819A0-7D99-493A-8917-AA0CCD192DC4}.Release|iPhoneSimulator.Build.0 = Release|Any CPU
		{B54646D5-D71B-447B-92D3-3F6CE34BEA68}.Ad-Hoc|Any CPU.ActiveCfg = Ad-Hoc|iPhone
		{B54646D5-D71B-447B-92D3-3F6CE34BEA68}.Ad-Hoc|iPhone.ActiveCfg = Ad-Hoc|iPhone
		{B54646D5-D71B-447B-92D3-3F6CE34BEA68}.Ad-Hoc|iPhone.Build.0 = Ad-Hoc|iPhone
		{B54646D5-D71B-447B-92D3-3F6CE34BEA68}.Ad-Hoc|iPhoneSimulator.ActiveCfg = Ad-Hoc|iPhoneSimulator
		{B54646D5-D71B-447B-92D3-3F6CE34BEA68}.Ad-Hoc|iPhoneSimulator.Build.0 = Ad-Hoc|iPhoneSimulator
		{B54646D5-D71B-447B-92D3-3F6CE34BEA68}.AppStore|Any CPU.ActiveCfg = AppStore|iPhone
		{B54646D5-D71B-447B-92D3-3F6CE34BEA68}.AppStore|iPhone.ActiveCfg = AppStore|iPhone
		{B54646D5-D71B-447B-92D3-3F6CE34BEA68}.AppStore|iPhone.Build.0 = AppStore|iPhone
		{B54646D5-D71B-447B-92D3-3F6CE34BEA68}.AppStore|iPhoneSimulator.ActiveCfg = AppStore|iPhoneSimulator
		{B54646D5-D71B-447B-92D3-3F6CE34BEA68}.AppStore|iPhoneSimulator.Build.0 = AppStore|iPhoneSimulator
		{B54646D5-D71B-447B-92D3-3F6CE34BEA68}.Debug|Any CPU.ActiveCfg = Debug|iPhone
		{B54646D5-D71B-447B-92D3-3F6CE34BEA68}.Debug|iPhone.ActiveCfg = Debug|iPhone
		{B54646D5-D71B-447B-92D3-3F6CE34BEA68}.Debug|iPhone.Build.0 = Debug|iPhone
		{B54646D5-D71B-447B-92D3-3F6CE34BEA68}.Debug|iPhoneSimulator.ActiveCfg = Debug|iPhoneSimulator
		{B54646D5-D71B-447B-92D3-3F6CE34BEA68}.Debug|iPhoneSimulator.Build.0 = Debug|iPhoneSimulator
		{B54646D5-D71B-447B-92D3-3F6CE34BEA68}.Release|Any CPU.ActiveCfg = Release|iPhone
		{B54646D5-D71B-447B-92D3-3F6CE34BEA68}.Release|iPhone.ActiveCfg = Release|iPhone
		{B54646D5-D71B-447B-92D3-3F6CE34BEA68}.Release|iPhone.Build.0 = Release|iPhone
		{B54646D5-D71B-447B-92D3-3F6CE34BEA68}.Release|iPhoneSimulator.ActiveCfg = Release|iPhoneSimulator
		{B54646D5-D71B-447B-92D3-3F6CE34BEA68}.Release|iPhoneSimulator.Build.0 = Release|iPhoneSimulator
	EndGlobalSection
	GlobalSection(SolutionProperties) = preSolution
		HideSolutionNode = FALSE
	EndGlobalSection
EndGlobal
